
Microsoft Visual Studio Solution File, Format Version 12.00
Project("{2150E333-8FDC-42A3-9474-1A3956D46DE8}") = "src", "src", "{AD2899B7-8FBE-4090-B997-0160EA96D477}"
EndProject
Project("{2150E333-8FDC-42A3-9474-1A3956D46DE8}") = "tests", "tests", "{58DC3FFE-0AA8-4ECE-96C2-A75D577BDC68}"
EndProject
Project("{FAE04EC0-301F-11D3-BF4B-00C04F79EFBC}") = "ES-CQRS.API", "src\ES-CQRS.API\ES-CQRS.API.csproj", "{F27510C1-2FE4-4EE4-8FB5-85AB1410D155}"
EndProject
Project("{2150E333-8FDC-42A3-9474-1A3956D46DE8}") = "modelDiagrams", "modelDiagrams", "{CF402F24-9E31-4A1D-8FB7-31D41ABAA4CC}"
	ProjectSection(SolutionItems) = preProject
		modelDiagrams\Structure.drawio = modelDiagrams\Structure.drawio
		modelDiagrams\Endpoints.md = modelDiagrams\Endpoints.md
	EndProjectSection
EndProject
Global
	GlobalSection(SolutionConfigurationPlatforms) = preSolution
		Debug|Any CPU = Debug|Any CPU
		Release|Any CPU = Release|Any CPU
	EndGlobalSection
	GlobalSection(NestedProjects) = preSolution
		{F27510C1-2FE4-4EE4-8FB5-85AB1410D155} = {AD2899B7-8FBE-4090-B997-0160EA96D477}
	EndGlobalSection
	GlobalSection(ProjectConfigurationPlatforms) = postSolution
		{F27510C1-2FE4-4EE4-8FB5-85AB1410D155}.Debug|Any CPU.ActiveCfg = Debug|Any CPU
		{F27510C1-2FE4-4EE4-8FB5-85AB1410D155}.Debug|Any CPU.Build.0 = Debug|Any CPU
		{F27510C1-2FE4-4EE4-8FB5-85AB1410D155}.Release|Any CPU.ActiveCfg = Release|Any CPU
		{F27510C1-2FE4-4EE4-8FB5-85AB1410D155}.Release|Any CPU.Build.0 = Release|Any CPU
	EndGlobalSection
EndGlobal
