
Microsoft Visual Studio Solution File, Format Version 12.00
Project("{2150E333-8FDC-42A3-9474-1A3956D46DE8}") = "src", "src", "{AD2899B7-8FBE-4090-B997-0160EA96D477}"
EndProject
Project("{2150E333-8FDC-42A3-9474-1A3956D46DE8}") = "tests", "tests", "{58DC3FFE-0AA8-4ECE-96C2-A75D577BDC68}"
EndProject
Project("{2150E333-8FDC-42A3-9474-1A3956D46DE8}") = "modelDiagrams", "modelDiagrams", "{CF402F24-9E31-4A1D-8FB7-31D41ABAA4CC}"
	ProjectSection(SolutionItems) = preProject
		modelDiagrams\Structure.drawio = modelDiagrams\Structure.drawio
		modelDiagrams\Endpoints.md = modelDiagrams\Endpoints.md
	EndProjectSection
EndProject
Project("{2150E333-8FDC-42A3-9474-1A3956D46DE8}") = "Course", "Course", "{AE2D4DC1-307E-4B01-AF84-942546C68945}"
EndProject
Project("{FAE04EC0-301F-11D3-BF4B-00C04F79EFBC}") = "ES-CQRS.Course.API", "src\Course\ES-CQRS.Course.API\ES-CQRS.Course.API.csproj", "{11BAE3BA-1A9D-41D2-BA3F-CB51A9361668}"
EndProject
Project("{FAE04EC0-301F-11D3-BF4B-00C04F79EFBC}") = "ES-CQRS.Course.Domian", "src\Course\ES-CQRS.Course.Domian\ES-CQRS.Course.Domian.csproj", "{6DF6D52D-1945-42ED-9DD2-1CE4450C2778}"
EndProject
Project("{FAE04EC0-301F-11D3-BF4B-00C04F79EFBC}") = "ES-CQRS.Course.Commands", "src\Course\ES-CQRS.Course.Commands\ES-CQRS.Course.Commands.csproj", "{9A1D38BD-93CE-43D9-ABA6-CB6321BB80CF}"
EndProject
Project("{FAE04EC0-301F-11D3-BF4B-00C04F79EFBC}") = "ES-CQRS.Course.Queries", "src\Course\ES-CQRS.Course.Queries\ES-CQRS.Course.Queries.csproj", "{B82FBF3B-5D63-4FD6-A916-E7B2D48E28F5}"
EndProject
Project("{FAE04EC0-301F-11D3-BF4B-00C04F79EFBC}") = "ES-CQRS.Seedwork", "src\ES-CQRS.Seedwork\ES-CQRS.Seedwork.csproj", "{974B66E5-5C2D-4A74-B605-8AD0D990C581}"
EndProject
Project("{FAE04EC0-301F-11D3-BF4B-00C04F79EFBC}") = "ES-CQRS.Infrastructure", "src\Course\ES-CQRS.Infrastructure\ES-CQRS.Infrastructure.csproj", "{6BE8A55E-194D-4230-84C7-9A893456F329}"
EndProject
Global
	GlobalSection(SolutionConfigurationPlatforms) = preSolution
		Debug|Any CPU = Debug|Any CPU
		Release|Any CPU = Release|Any CPU
	EndGlobalSection
	GlobalSection(NestedProjects) = preSolution
		{AE2D4DC1-307E-4B01-AF84-942546C68945} = {AD2899B7-8FBE-4090-B997-0160EA96D477}
		{11BAE3BA-1A9D-41D2-BA3F-CB51A9361668} = {AE2D4DC1-307E-4B01-AF84-942546C68945}
		{6DF6D52D-1945-42ED-9DD2-1CE4450C2778} = {AE2D4DC1-307E-4B01-AF84-942546C68945}
		{9A1D38BD-93CE-43D9-ABA6-CB6321BB80CF} = {AE2D4DC1-307E-4B01-AF84-942546C68945}
		{B82FBF3B-5D63-4FD6-A916-E7B2D48E28F5} = {AE2D4DC1-307E-4B01-AF84-942546C68945}
		{974B66E5-5C2D-4A74-B605-8AD0D990C581} = {AD2899B7-8FBE-4090-B997-0160EA96D477}
		{6BE8A55E-194D-4230-84C7-9A893456F329} = {AD2899B7-8FBE-4090-B997-0160EA96D477}
	EndGlobalSection
	GlobalSection(ProjectConfigurationPlatforms) = postSolution
		{11BAE3BA-1A9D-41D2-BA3F-CB51A9361668}.Debug|Any CPU.ActiveCfg = Debug|Any CPU
		{11BAE3BA-1A9D-41D2-BA3F-CB51A9361668}.Debug|Any CPU.Build.0 = Debug|Any CPU
		{11BAE3BA-1A9D-41D2-BA3F-CB51A9361668}.Release|Any CPU.ActiveCfg = Release|Any CPU
		{11BAE3BA-1A9D-41D2-BA3F-CB51A9361668}.Release|Any CPU.Build.0 = Release|Any CPU
		{6DF6D52D-1945-42ED-9DD2-1CE4450C2778}.Debug|Any CPU.ActiveCfg = Debug|Any CPU
		{6DF6D52D-1945-42ED-9DD2-1CE4450C2778}.Debug|Any CPU.Build.0 = Debug|Any CPU
		{6DF6D52D-1945-42ED-9DD2-1CE4450C2778}.Release|Any CPU.ActiveCfg = Release|Any CPU
		{6DF6D52D-1945-42ED-9DD2-1CE4450C2778}.Release|Any CPU.Build.0 = Release|Any CPU
		{9A1D38BD-93CE-43D9-ABA6-CB6321BB80CF}.Debug|Any CPU.ActiveCfg = Debug|Any CPU
		{9A1D38BD-93CE-43D9-ABA6-CB6321BB80CF}.Debug|Any CPU.Build.0 = Debug|Any CPU
		{9A1D38BD-93CE-43D9-ABA6-CB6321BB80CF}.Release|Any CPU.ActiveCfg = Release|Any CPU
		{9A1D38BD-93CE-43D9-ABA6-CB6321BB80CF}.Release|Any CPU.Build.0 = Release|Any CPU
		{B82FBF3B-5D63-4FD6-A916-E7B2D48E28F5}.Debug|Any CPU.ActiveCfg = Debug|Any CPU
		{B82FBF3B-5D63-4FD6-A916-E7B2D48E28F5}.Debug|Any CPU.Build.0 = Debug|Any CPU
		{B82FBF3B-5D63-4FD6-A916-E7B2D48E28F5}.Release|Any CPU.ActiveCfg = Release|Any CPU
		{B82FBF3B-5D63-4FD6-A916-E7B2D48E28F5}.Release|Any CPU.Build.0 = Release|Any CPU
		{974B66E5-5C2D-4A74-B605-8AD0D990C581}.Debug|Any CPU.ActiveCfg = Debug|Any CPU
		{974B66E5-5C2D-4A74-B605-8AD0D990C581}.Debug|Any CPU.Build.0 = Debug|Any CPU
		{974B66E5-5C2D-4A74-B605-8AD0D990C581}.Release|Any CPU.ActiveCfg = Release|Any CPU
		{974B66E5-5C2D-4A74-B605-8AD0D990C581}.Release|Any CPU.Build.0 = Release|Any CPU
		{6BE8A55E-194D-4230-84C7-9A893456F329}.Debug|Any CPU.ActiveCfg = Debug|Any CPU
		{6BE8A55E-194D-4230-84C7-9A893456F329}.Debug|Any CPU.Build.0 = Debug|Any CPU
		{6BE8A55E-194D-4230-84C7-9A893456F329}.Release|Any CPU.ActiveCfg = Release|Any CPU
		{6BE8A55E-194D-4230-84C7-9A893456F329}.Release|Any CPU.Build.0 = Release|Any CPU
	EndGlobalSection
EndGlobal
